
Microsoft Visual Studio Solution File, Format Version 12.00
# Visual Studio Version 17
VisualStudioVersion = 17.12.35527.113 d17.12
MinimumVisualStudioVersion = 10.0.40219.1
Project("{FAE04EC0-301F-11D3-BF4B-00C04F79EFBC}") = "HK-DeathCounter", "HK-DeathCounter\HK-DeathCounter.csproj", "{C85186F9-5500-47DA-9D09-86BF0FC52D01}"
EndProject
Project("{2150E333-8FDC-42A3-9474-1A3956D46DE8}") = "Solution Files", "Solution Files", "{0904ABAD-09B1-4B29-BB8A-9E6CE7555C97}"
	ProjectSection(SolutionItems) = preProject
		.github\workflows\build.yml = .github\workflows\build.yml
		.github\dependabot.yml = .github\dependabot.yml
		README.md = README.md
	EndProjectSection
EndProject
Global
	GlobalSection(SolutionConfigurationPlatforms) = preSolution
		Debug|Any CPU = Debug|Any CPU
		Release|Any CPU = Release|Any CPU
	EndGlobalSection
	GlobalSection(ProjectConfigurationPlatforms) = postSolution
		{C85186F9-5500-47DA-9D09-86BF0FC52D01}.Debug|Any CPU.ActiveCfg = Debug|Any CPU
		{C85186F9-5500-47DA-9D09-86BF0FC52D01}.Debug|Any CPU.Build.0 = Debug|Any CPU
		{C85186F9-5500-47DA-9D09-86BF0FC52D01}.Release|Any CPU.ActiveCfg = Release|Any CPU
		{C85186F9-5500-47DA-9D09-86BF0FC52D01}.Release|Any CPU.Build.0 = Release|Any CPU
	EndGlobalSection
	GlobalSection(SolutionProperties) = preSolution
		HideSolutionNode = FALSE
	EndGlobalSection
EndGlobal
